
Microsoft Visual Studio Solution File, Format Version 12.00
# Visual Studio 15
VisualStudioVersion = 15.0.28010.2016
MinimumVisualStudioVersion = 10.0.40219.1
Project("{FAE04EC0-301F-11D3-BF4B-00C04F79EFBC}") = "PizarraDeVuelo", "PizarraDeVuelo\PizarraDeVuelo.csproj", "{72B86E5C-9D00-4102-9BA6-B03DFDD8E815}"
EndProject
Global
	GlobalSection(SolutionConfigurationPlatforms) = preSolution
		Debug|Any CPU = Debug|Any CPU
		Release|Any CPU = Release|Any CPU
	EndGlobalSection
	GlobalSection(ProjectConfigurationPlatforms) = postSolution
		{72B86E5C-9D00-4102-9BA6-B03DFDD8E815}.Debug|Any CPU.ActiveCfg = Debug|Any CPU
		{72B86E5C-9D00-4102-9BA6-B03DFDD8E815}.Debug|Any CPU.Build.0 = Debug|Any CPU
		{72B86E5C-9D00-4102-9BA6-B03DFDD8E815}.Release|Any CPU.ActiveCfg = Release|Any CPU
		{72B86E5C-9D00-4102-9BA6-B03DFDD8E815}.Release|Any CPU.Build.0 = Release|Any CPU
	EndGlobalSection
	GlobalSection(SolutionProperties) = preSolution
		HideSolutionNode = FALSE
	EndGlobalSection
	GlobalSection(ExtensibilityGlobals) = postSolution
		SolutionGuid = {C76655CF-4592-4477-AB0A-B3A675D796CB}
	EndGlobalSection
EndGlobal
